# THIS IS AN AUTOGENERATED FILE. DO NOT EDIT THIS FILE DIRECTLY.
# yarn lockfile v1


"@openzeppelin/contracts@^3.3.0":
  version "3.3.0"
  resolved "https://registry.yarnpkg.com/@openzeppelin/contracts/-/contracts-3.3.0.tgz#ffdb693c5c349fc33bba420248dd3ac0a2d7c408"
  integrity sha512-AemZEsQYtUp1WRkcmZm1div5ORfTpLquLaziCIrSagjxyKdmObxuaY1yjQ5SHFMctR8rLwp706NXTbiIRJg7pw==
